# THIS IS AN AUTOGENERATED FILE. DO NOT EDIT THIS FILE DIRECTLY.
# yarn lockfile v1


"@hyperapp/events@^0.0.3":
  version "0.0.3"
  resolved "https://registry.yarnpkg.com/@hyperapp/events/-/events-0.0.3.tgz#b258441e670a1d5da08db2d23f5e3eb152143e1d"
  integrity sha512-Kboh7bpHDHMSjjJJAOYGDig+kVhGSWJfEbV39Zo+NcKPtwbjR4hK9hANiLWCN+FfdFvB5ayVDkpttmGA/EGf6g==

"@hyperapp/html@^1.1.1":
  version "1.1.1"
  resolved "https://registry.yarnpkg.com/@hyperapp/html/-/html-1.1.1.tgz#8040666e8f935eed95f2034f443cc8768866d992"
  integrity sha512-jRlz/ED0y/pAseqAwKlJxdy78Lf7AEeykOGeYxnGE1TY0tF4SgVW53Sh72QJoGWZmrgtcHN6wKPZAmEenDCsgQ==

babel-plugin-syntax-object-rest-spread@^6.8.0:
  version "6.13.0"
  resolved "https://registry.yarnpkg.com/babel-plugin-syntax-object-rest-spread/-/babel-plugin-syntax-object-rest-spread-6.13.0.tgz#fd6536f2bce13836ffa3a5458c4903a597bb3bf5"
  integrity sha1-/WU28rzhODb/o6VFjEkDpZe7O/U=

babel-plugin-transform-object-rest-spread@^6.26.0:
  version "6.26.0"
  resolved "https://registry.yarnpkg.com/babel-plugin-transform-object-rest-spread/-/babel-plugin-transform-object-rest-spread-6.26.0.tgz#0f36692d50fef6b7e2d4b3ac1478137a963b7b06"
  integrity sha1-DzZpLVD+9rfi1LOsFHgTepY7ewY=
  dependencies:
    babel-plugin-syntax-object-rest-spread "^6.8.0"
    babel-runtime "^6.26.0"

babel-runtime@^6.26.0:
  version "6.26.0"
  resolved "https://registry.yarnpkg.com/babel-runtime/-/babel-runtime-6.26.0.tgz#965c7058668e82b55d7bfe04ff2337bc8b5647fe"
  integrity sha1-llxwWGaOgrVde/4E/yM3vItWR/4=
  dependencies:
    core-js "^2.4.0"
    regenerator-runtime "^0.11.0"

core-js@^2.4.0:
  version "2.6.9"
  resolved "https://registry.yarnpkg.com/core-js/-/core-js-2.6.9.tgz#6b4b214620c834152e179323727fc19741b084f2"
  integrity sha512-HOpZf6eXmnl7la+cUdMnLvUxKNqLUzJvgIziQ0DiF3JwSImNphIqdGqzj6hIKyX04MmV0poclQ7+wjWvxQyR2A==

hyperapp-fx@^2.0.0-beta.1:
  version "2.0.0-beta.1"
  resolved "https://registry.yarnpkg.com/hyperapp-fx/-/hyperapp-fx-2.0.0-beta.1.tgz#ba8cec6ef83358b65451b12fca34b7b2d0e18b3c"
  integrity sha512-YVzRLwPR1iN1TfpQmCwmSId3qMFr1RKyNgfC01buY0HuAAxzVg/Z/NDsgH8ezERzIm56zIYzYsqQft+Bl1lWPw==

hyperapp@^2.0.1:
  version "2.0.1"
  resolved "https://registry.yarnpkg.com/hyperapp/-/hyperapp-2.0.1.tgz#34a9a0ded0c18c979a6ddcb15633c616da91c905"
  integrity sha512-ckAF95l04Eld6hVGlq48FIcFNRTCyvMJtKqNoaCu9fiSXPOKv6pq7QQe5Lvnlt28IcMiFu10cKlX8J+xDVpRbQ==

regenerator-runtime@^0.11.0:
  version "0.11.1"
  resolved "https://registry.yarnpkg.com/regenerator-runtime/-/regenerator-runtime-0.11.1.tgz#be05ad7f9bf7d22e056f9726cee5017fbf19e2e9"
  integrity sha512-MguG95oij0fC3QV3URf4V2SDYGJhJnJGqvIIgdECeODCT98wSWDAJ94SSuVpYQUoTcGUIL6L4yNB7j1DFFHSBg==
